%{
  "bloomex": {:hex, :bloomex, "1.2.0", "5ebc0b20b8f8ecb4af08c60e88ca54a857d479c4490cba48bbb3f94840b326bf", [:mix], [{:jason, "~> 1.1", [hex: :jason, repo: "hexpm", optional: false]}], "hexpm", "db56d416563a75c643eda805a844726ce7a5dc4db36af4c478c3f4ce047ff266"},
  "exor_filter": {:git, "https://github.com/mpope9/exor_filter.git", "6a2114e68ae6466dc24a1c9c71f7d52ed0c234d4", [tag: "v0.5.2"]},
  "jason": {:hex, :jason, "1.2.2", "ba43e3f2709fd1aa1dce90aaabfd039d000469c05c56f0b8e31978e03fa39052", [:mix], [{:decimal, "~> 1.0 or ~> 2.0", [hex: :decimal, repo: "hexpm", optional: true]}], "hexpm", "18a228f5f0058ee183f29f9eae0805c6e59d61c3b006760668d8d18ff0d12179"},
  "murmur": {:hex, :murmur, "1.0.1", "a6e6bced2dd0d666090a9cf3e73699f3b9176bbcf32d35b0f022f137667608e3", [:mix], [], "hexpm", "1303e80b1a5514a8afe0baf4241903ae31e3ba8b7e9e7c2219a668c065a691a6"},
}
